
Microsoft Visual Studio Solution File, Format Version 12.00
# Visual Studio Version 17
VisualStudioVersion = 17.5.33516.290
MinimumVisualStudioVersion = 10.0.40219.1
Project("{FAE04EC0-301F-11D3-BF4B-00C04F79EFBC}") = "ims-group4-backend", "ims-group4-backend\ims-group4-backend.csproj", "{0A93CA4F-A2B0-47D6-B2D8-82EE9DFFA8BD}"
EndProject
Global
	GlobalSection(SolutionConfigurationPlatforms) = preSolution
		Debug|Any CPU = Debug|Any CPU
		Release|Any CPU = Release|Any CPU
	EndGlobalSection
	GlobalSection(ProjectConfigurationPlatforms) = postSolution
		{0A93CA4F-A2B0-47D6-B2D8-82EE9DFFA8BD}.Debug|Any CPU.ActiveCfg = Debug|Any CPU
		{0A93CA4F-A2B0-47D6-B2D8-82EE9DFFA8BD}.Debug|Any CPU.Build.0 = Debug|Any CPU
		{0A93CA4F-A2B0-47D6-B2D8-82EE9DFFA8BD}.Release|Any CPU.ActiveCfg = Release|Any CPU
		{0A93CA4F-A2B0-47D6-B2D8-82EE9DFFA8BD}.Release|Any CPU.Build.0 = Release|Any CPU
	EndGlobalSection
	GlobalSection(SolutionProperties) = preSolution
		HideSolutionNode = FALSE
	EndGlobalSection
	GlobalSection(ExtensibilityGlobals) = postSolution
		SolutionGuid = {5B72FF40-A30B-41D7-98BC-10394C2A3E61}
	EndGlobalSection
EndGlobal
